
Microsoft Visual Studio Solution File, Format Version 12.00
Project("{FAE04EC0-301F-11D3-BF4B-00C04F79EFBC}") = "Multithreading", "Multithreading.csproj", "{EAC764DC-21D8-42AA-A31A-494A7FAF3155}"
EndProject
Global
	GlobalSection(SolutionConfigurationPlatforms) = preSolution
		Debug|Any CPU = Debug|Any CPU
		Release|Any CPU = Release|Any CPU
	EndGlobalSection
	GlobalSection(ProjectConfigurationPlatforms) = postSolution
		{EAC764DC-21D8-42AA-A31A-494A7FAF3155}.Debug|Any CPU.ActiveCfg = Debug|Any CPU
		{EAC764DC-21D8-42AA-A31A-494A7FAF3155}.Debug|Any CPU.Build.0 = Debug|Any CPU
		{EAC764DC-21D8-42AA-A31A-494A7FAF3155}.Release|Any CPU.ActiveCfg = Release|Any CPU
		{EAC764DC-21D8-42AA-A31A-494A7FAF3155}.Release|Any CPU.Build.0 = Release|Any CPU
	EndGlobalSection
EndGlobal
